
Microsoft Visual Studio Solution File, Format Version 12.00
# Visual Studio Version 16
VisualStudioVersion = 16.0.29102.190
MinimumVisualStudioVersion = 10.0.40219.1
Project("{8BC9CEB8-8B4A-11D0-8D11-00A0C91BC942}") = "A+B -8", "A+B -8\A+B -8.vcxproj", "{EE4CEE8D-7E21-485A-B9E7-3E8A97D6ADED}"
EndProject
Global
	GlobalSection(SolutionConfigurationPlatforms) = preSolution
		Debug|x64 = Debug|x64
		Debug|x86 = Debug|x86
		Release|x64 = Release|x64
		Release|x86 = Release|x86
	EndGlobalSection
	GlobalSection(ProjectConfigurationPlatforms) = postSolution
		{EE4CEE8D-7E21-485A-B9E7-3E8A97D6ADED}.Debug|x64.ActiveCfg = Debug|x64
		{EE4CEE8D-7E21-485A-B9E7-3E8A97D6ADED}.Debug|x64.Build.0 = Debug|x64
		{EE4CEE8D-7E21-485A-B9E7-3E8A97D6ADED}.Debug|x86.ActiveCfg = Debug|Win32
		{EE4CEE8D-7E21-485A-B9E7-3E8A97D6ADED}.Debug|x86.Build.0 = Debug|Win32
		{EE4CEE8D-7E21-485A-B9E7-3E8A97D6ADED}.Release|x64.ActiveCfg = Release|x64
		{EE4CEE8D-7E21-485A-B9E7-3E8A97D6ADED}.Release|x64.Build.0 = Release|x64
		{EE4CEE8D-7E21-485A-B9E7-3E8A97D6ADED}.Release|x86.ActiveCfg = Release|Win32
		{EE4CEE8D-7E21-485A-B9E7-3E8A97D6ADED}.Release|x86.Build.0 = Release|Win32
	EndGlobalSection
	GlobalSection(SolutionProperties) = preSolution
		HideSolutionNode = FALSE
	EndGlobalSection
	GlobalSection(ExtensibilityGlobals) = postSolution
		SolutionGuid = {E26F4DDC-CB2F-4D30-AB27-5B0D2078BF02}
	EndGlobalSection
EndGlobal
