
Microsoft Visual Studio Solution File, Format Version 12.00
# Visual Studio Version 16
VisualStudioVersion = 16.0.29025.244
MinimumVisualStudioVersion = 10.0.40219.1
Project("{8BC9CEB8-8B4A-11D0-8D11-00A0C91BC942}") = "p7 while", "p7 while\p7 while.vcxproj", "{7650854C-ECC5-4D30-9CD4-9178F4A64BA7}"
EndProject
Global
	GlobalSection(SolutionConfigurationPlatforms) = preSolution
		Debug|x64 = Debug|x64
		Debug|x86 = Debug|x86
		Release|x64 = Release|x64
		Release|x86 = Release|x86
	EndGlobalSection
	GlobalSection(ProjectConfigurationPlatforms) = postSolution
		{7650854C-ECC5-4D30-9CD4-9178F4A64BA7}.Debug|x64.ActiveCfg = Debug|x64
		{7650854C-ECC5-4D30-9CD4-9178F4A64BA7}.Debug|x64.Build.0 = Debug|x64
		{7650854C-ECC5-4D30-9CD4-9178F4A64BA7}.Debug|x86.ActiveCfg = Debug|Win32
		{7650854C-ECC5-4D30-9CD4-9178F4A64BA7}.Debug|x86.Build.0 = Debug|Win32
		{7650854C-ECC5-4D30-9CD4-9178F4A64BA7}.Release|x64.ActiveCfg = Release|x64
		{7650854C-ECC5-4D30-9CD4-9178F4A64BA7}.Release|x64.Build.0 = Release|x64
		{7650854C-ECC5-4D30-9CD4-9178F4A64BA7}.Release|x86.ActiveCfg = Release|Win32
		{7650854C-ECC5-4D30-9CD4-9178F4A64BA7}.Release|x86.Build.0 = Release|Win32
	EndGlobalSection
	GlobalSection(SolutionProperties) = preSolution
		HideSolutionNode = FALSE
	EndGlobalSection
	GlobalSection(ExtensibilityGlobals) = postSolution
		SolutionGuid = {EC418ED0-DCBF-4FF8-995C-A8D6F0B380AA}
	EndGlobalSection
EndGlobal
