
Microsoft Visual Studio Solution File, Format Version 12.00
# Visual Studio Version 16
VisualStudioVersion = 16.0.29025.244
MinimumVisualStudioVersion = 10.0.40219.1
Project("{8BC9CEB8-8B4A-11D0-8D11-00A0C91BC942}") = "p2", "p2\p2.vcxproj", "{BBD5E750-D65A-44FB-A522-E7EE7029369F}"
EndProject
Global
	GlobalSection(SolutionConfigurationPlatforms) = preSolution
		Debug|x64 = Debug|x64
		Debug|x86 = Debug|x86
		Release|x64 = Release|x64
		Release|x86 = Release|x86
	EndGlobalSection
	GlobalSection(ProjectConfigurationPlatforms) = postSolution
		{BBD5E750-D65A-44FB-A522-E7EE7029369F}.Debug|x64.ActiveCfg = Debug|x64
		{BBD5E750-D65A-44FB-A522-E7EE7029369F}.Debug|x64.Build.0 = Debug|x64
		{BBD5E750-D65A-44FB-A522-E7EE7029369F}.Debug|x86.ActiveCfg = Debug|Win32
		{BBD5E750-D65A-44FB-A522-E7EE7029369F}.Debug|x86.Build.0 = Debug|Win32
		{BBD5E750-D65A-44FB-A522-E7EE7029369F}.Release|x64.ActiveCfg = Release|x64
		{BBD5E750-D65A-44FB-A522-E7EE7029369F}.Release|x64.Build.0 = Release|x64
		{BBD5E750-D65A-44FB-A522-E7EE7029369F}.Release|x86.ActiveCfg = Release|Win32
		{BBD5E750-D65A-44FB-A522-E7EE7029369F}.Release|x86.Build.0 = Release|Win32
	EndGlobalSection
	GlobalSection(SolutionProperties) = preSolution
		HideSolutionNode = FALSE
	EndGlobalSection
	GlobalSection(ExtensibilityGlobals) = postSolution
		SolutionGuid = {9A8A8C3E-02F3-4226-9CE3-39DE5E4404F7}
	EndGlobalSection
EndGlobal
